{
  "name": "bjs-voxels",
  "version": "0.0.1",
  "lockfileVersion": 1,
  "requires": true,
  "dependencies": {
    "@babylonjs/core": {
      "version": "6.0.0",
      "resolved": "https://registry.npmjs.org/@babylonjs/core/-/core-6.0.0.tgz",
      "integrity": "sha512-lQ0cDwhVrWn9MSf91UsvLbWMpIFW0P1YxNSghUG3yTOaf2ZpKEl9AmTrbN+lMfxkrGdgQQB+Bgd3khc2kkMkrA=="
    },
    "@babylonjs/materials": {
      "version": "6.0.0",
      "resolved": "https://registry.npmjs.org/@babylonjs/materials/-/materials-6.0.0.tgz",
      "integrity": "sha512-9een1RTJ/aOGsmqaqbtl/MhvXhSdXOflbuE+gW0rOVt/QvXoReSxpOMEis42OkwoL4KohgfAfp09K6TF0T4JLw=="
    },
    "typescript": {
      "version": "5.0.4",
      "resolved": "https://registry.npmjs.org/typescript/-/typescript-5.0.4.tgz",
      "integrity": "sha512-cW9T5W9xY37cc+jfEnaUvX91foxtHkza3Nw3wkoF4sSlKn0MONdkdEndig/qPBWXNkmplh3NzayQzCiHM4/hqw==",
      "dev": true
    }
  }
}
